
Microsoft Visual Studio Solution File, Format Version 12.00
# Visual Studio Version 17
VisualStudioVersion = 17.1.32328.378
MinimumVisualStudioVersion = 10.0.40219.1
Project("{8BC9CEB8-8B4A-11D0-8D11-00A0C91BC942}") = "Arrays", "Arrays\Arrays.vcxproj", "{D8B8FB1F-586D-406F-B0FE-A6E189FDDDF8}"
EndProject
Project("{8BC9CEB8-8B4A-11D0-8D11-00A0C91BC942}") = "Random1", "Random1\Random1.vcxproj", "{CECB1CDE-926C-4241-9EB8-62C400938659}"
EndProject
Project("{8BC9CEB8-8B4A-11D0-8D11-00A0C91BC942}") = "Shift Right", "Shift Right\Shift Right.vcxproj", "{40FFC4B6-9EB5-45B2-8CF9-C14FB20F97D3}"
EndProject
Project("{8BC9CEB8-8B4A-11D0-8D11-00A0C91BC942}") = "Unique Random", "Unique Random\Unique Random.vcxproj", "{B0DD6A58-7D82-4EF7-AC27-8D14B3FCEED4}"
EndProject
Project("{8BC9CEB8-8B4A-11D0-8D11-00A0C91BC942}") = "Numerics", "Numerics\Numerics.vcxproj", "{4A8C0D38-FD36-4105-94D9-D658DF473F7C}"
EndProject
Project("{8BC9CEB8-8B4A-11D0-8D11-00A0C91BC942}") = "2D", "2D\2D.vcxproj", "{628C51CB-96DE-4396-A447-107BB7CEEC30}"
EndProject
Global
	GlobalSection(SolutionConfigurationPlatforms) = preSolution
		Debug|x64 = Debug|x64
		Debug|x86 = Debug|x86
		Release|x64 = Release|x64
		Release|x86 = Release|x86
	EndGlobalSection
	GlobalSection(ProjectConfigurationPlatforms) = postSolution
		{D8B8FB1F-586D-406F-B0FE-A6E189FDDDF8}.Debug|x64.ActiveCfg = Debug|x64
		{D8B8FB1F-586D-406F-B0FE-A6E189FDDDF8}.Debug|x64.Build.0 = Debug|x64
		{D8B8FB1F-586D-406F-B0FE-A6E189FDDDF8}.Debug|x86.ActiveCfg = Debug|Win32
		{D8B8FB1F-586D-406F-B0FE-A6E189FDDDF8}.Debug|x86.Build.0 = Debug|Win32
		{D8B8FB1F-586D-406F-B0FE-A6E189FDDDF8}.Release|x64.ActiveCfg = Release|x64
		{D8B8FB1F-586D-406F-B0FE-A6E189FDDDF8}.Release|x64.Build.0 = Release|x64
		{D8B8FB1F-586D-406F-B0FE-A6E189FDDDF8}.Release|x86.ActiveCfg = Release|Win32
		{D8B8FB1F-586D-406F-B0FE-A6E189FDDDF8}.Release|x86.Build.0 = Release|Win32
		{CECB1CDE-926C-4241-9EB8-62C400938659}.Debug|x64.ActiveCfg = Debug|x64
		{CECB1CDE-926C-4241-9EB8-62C400938659}.Debug|x64.Build.0 = Debug|x64
		{CECB1CDE-926C-4241-9EB8-62C400938659}.Debug|x86.ActiveCfg = Debug|Win32
		{CECB1CDE-926C-4241-9EB8-62C400938659}.Debug|x86.Build.0 = Debug|Win32
		{CECB1CDE-926C-4241-9EB8-62C400938659}.Release|x64.ActiveCfg = Release|x64
		{CECB1CDE-926C-4241-9EB8-62C400938659}.Release|x64.Build.0 = Release|x64
		{CECB1CDE-926C-4241-9EB8-62C400938659}.Release|x86.ActiveCfg = Release|Win32
		{CECB1CDE-926C-4241-9EB8-62C400938659}.Release|x86.Build.0 = Release|Win32
		{40FFC4B6-9EB5-45B2-8CF9-C14FB20F97D3}.Debug|x64.ActiveCfg = Debug|x64
		{40FFC4B6-9EB5-45B2-8CF9-C14FB20F97D3}.Debug|x64.Build.0 = Debug|x64
		{40FFC4B6-9EB5-45B2-8CF9-C14FB20F97D3}.Debug|x86.ActiveCfg = Debug|Win32
		{40FFC4B6-9EB5-45B2-8CF9-C14FB20F97D3}.Debug|x86.Build.0 = Debug|Win32
		{40FFC4B6-9EB5-45B2-8CF9-C14FB20F97D3}.Release|x64.ActiveCfg = Release|x64
		{40FFC4B6-9EB5-45B2-8CF9-C14FB20F97D3}.Release|x64.Build.0 = Release|x64
		{40FFC4B6-9EB5-45B2-8CF9-C14FB20F97D3}.Release|x86.ActiveCfg = Release|Win32
		{40FFC4B6-9EB5-45B2-8CF9-C14FB20F97D3}.Release|x86.Build.0 = Release|Win32
		{B0DD6A58-7D82-4EF7-AC27-8D14B3FCEED4}.Debug|x64.ActiveCfg = Debug|x64
		{B0DD6A58-7D82-4EF7-AC27-8D14B3FCEED4}.Debug|x64.Build.0 = Debug|x64
		{B0DD6A58-7D82-4EF7-AC27-8D14B3FCEED4}.Debug|x86.ActiveCfg = Debug|Win32
		{B0DD6A58-7D82-4EF7-AC27-8D14B3FCEED4}.Debug|x86.Build.0 = Debug|Win32
		{B0DD6A58-7D82-4EF7-AC27-8D14B3FCEED4}.Release|x64.ActiveCfg = Release|x64
		{B0DD6A58-7D82-4EF7-AC27-8D14B3FCEED4}.Release|x64.Build.0 = Release|x64
		{B0DD6A58-7D82-4EF7-AC27-8D14B3FCEED4}.Release|x86.ActiveCfg = Release|Win32
		{B0DD6A58-7D82-4EF7-AC27-8D14B3FCEED4}.Release|x86.Build.0 = Release|Win32
		{4A8C0D38-FD36-4105-94D9-D658DF473F7C}.Debug|x64.ActiveCfg = Debug|x64
		{4A8C0D38-FD36-4105-94D9-D658DF473F7C}.Debug|x64.Build.0 = Debug|x64
		{4A8C0D38-FD36-4105-94D9-D658DF473F7C}.Debug|x86.ActiveCfg = Debug|Win32
		{4A8C0D38-FD36-4105-94D9-D658DF473F7C}.Debug|x86.Build.0 = Debug|Win32
		{4A8C0D38-FD36-4105-94D9-D658DF473F7C}.Release|x64.ActiveCfg = Release|x64
		{4A8C0D38-FD36-4105-94D9-D658DF473F7C}.Release|x64.Build.0 = Release|x64
		{4A8C0D38-FD36-4105-94D9-D658DF473F7C}.Release|x86.ActiveCfg = Release|Win32
		{4A8C0D38-FD36-4105-94D9-D658DF473F7C}.Release|x86.Build.0 = Release|Win32
		{628C51CB-96DE-4396-A447-107BB7CEEC30}.Debug|x64.ActiveCfg = Debug|x64
		{628C51CB-96DE-4396-A447-107BB7CEEC30}.Debug|x64.Build.0 = Debug|x64
		{628C51CB-96DE-4396-A447-107BB7CEEC30}.Debug|x86.ActiveCfg = Debug|Win32
		{628C51CB-96DE-4396-A447-107BB7CEEC30}.Debug|x86.Build.0 = Debug|Win32
		{628C51CB-96DE-4396-A447-107BB7CEEC30}.Release|x64.ActiveCfg = Release|x64
		{628C51CB-96DE-4396-A447-107BB7CEEC30}.Release|x64.Build.0 = Release|x64
		{628C51CB-96DE-4396-A447-107BB7CEEC30}.Release|x86.ActiveCfg = Release|Win32
		{628C51CB-96DE-4396-A447-107BB7CEEC30}.Release|x86.Build.0 = Release|Win32
	EndGlobalSection
	GlobalSection(SolutionProperties) = preSolution
		HideSolutionNode = FALSE
	EndGlobalSection
	GlobalSection(ExtensibilityGlobals) = postSolution
		SolutionGuid = {D6C44EEE-B30A-4670-AD8E-61FEEA6DD667}
	EndGlobalSection
EndGlobal
